
Microsoft Visual Studio Solution File, Format Version 12.00
# Visual Studio Version 17
VisualStudioVersion = 17.8.34330.188
MinimumVisualStudioVersion = 10.0.40219.1
Project("{9A19103F-16F7-4668-BE54-9A1E7A4F7556}") = "HostelSoftware", "HostelSoftware\HostelSoftware.csproj", "{3C911911-0A05-4F41-81D9-300A251AE95D}"
EndProject
Project("{9A19103F-16F7-4668-BE54-9A1E7A4F7556}") = "Service", "Service\Service.csproj", "{6678CBDF-6BAF-4C21-88CD-E1DBBAC1DCAF}"
EndProject
Project("{9A19103F-16F7-4668-BE54-9A1E7A4F7556}") = "Database", "Database\Database.csproj", "{A5C207B3-E652-4140-9807-D6BE8D574358}"
EndProject
Project("{9A19103F-16F7-4668-BE54-9A1E7A4F7556}") = "Common", "Common\Common.csproj", "{7D65722F-93EB-4AFC-A996-AEC90ACFA928}"
EndProject
Project("{9A19103F-16F7-4668-BE54-9A1E7A4F7556}") = "Entity", "Entity\Entity.csproj", "{C1963DC1-FEED-44C0-BC83-D1A6A50E8891}"
EndProject
Global
	GlobalSection(SolutionConfigurationPlatforms) = preSolution
		Debug|Any CPU = Debug|Any CPU
		Release|Any CPU = Release|Any CPU
	EndGlobalSection
	GlobalSection(ProjectConfigurationPlatforms) = postSolution
		{3C911911-0A05-4F41-81D9-300A251AE95D}.Debug|Any CPU.ActiveCfg = Debug|Any CPU
		{3C911911-0A05-4F41-81D9-300A251AE95D}.Debug|Any CPU.Build.0 = Debug|Any CPU
		{3C911911-0A05-4F41-81D9-300A251AE95D}.Release|Any CPU.ActiveCfg = Release|Any CPU
		{3C911911-0A05-4F41-81D9-300A251AE95D}.Release|Any CPU.Build.0 = Release|Any CPU
		{6678CBDF-6BAF-4C21-88CD-E1DBBAC1DCAF}.Debug|Any CPU.ActiveCfg = Debug|Any CPU
		{6678CBDF-6BAF-4C21-88CD-E1DBBAC1DCAF}.Debug|Any CPU.Build.0 = Debug|Any CPU
		{6678CBDF-6BAF-4C21-88CD-E1DBBAC1DCAF}.Release|Any CPU.ActiveCfg = Release|Any CPU
		{6678CBDF-6BAF-4C21-88CD-E1DBBAC1DCAF}.Release|Any CPU.Build.0 = Release|Any CPU
		{A5C207B3-E652-4140-9807-D6BE8D574358}.Debug|Any CPU.ActiveCfg = Debug|Any CPU
		{A5C207B3-E652-4140-9807-D6BE8D574358}.Debug|Any CPU.Build.0 = Debug|Any CPU
		{A5C207B3-E652-4140-9807-D6BE8D574358}.Release|Any CPU.ActiveCfg = Release|Any CPU
		{A5C207B3-E652-4140-9807-D6BE8D574358}.Release|Any CPU.Build.0 = Release|Any CPU
		{7D65722F-93EB-4AFC-A996-AEC90ACFA928}.Debug|Any CPU.ActiveCfg = Debug|Any CPU
		{7D65722F-93EB-4AFC-A996-AEC90ACFA928}.Debug|Any CPU.Build.0 = Debug|Any CPU
		{7D65722F-93EB-4AFC-A996-AEC90ACFA928}.Release|Any CPU.ActiveCfg = Release|Any CPU
		{7D65722F-93EB-4AFC-A996-AEC90ACFA928}.Release|Any CPU.Build.0 = Release|Any CPU
		{C1963DC1-FEED-44C0-BC83-D1A6A50E8891}.Debug|Any CPU.ActiveCfg = Debug|Any CPU
		{C1963DC1-FEED-44C0-BC83-D1A6A50E8891}.Debug|Any CPU.Build.0 = Debug|Any CPU
		{C1963DC1-FEED-44C0-BC83-D1A6A50E8891}.Release|Any CPU.ActiveCfg = Release|Any CPU
		{C1963DC1-FEED-44C0-BC83-D1A6A50E8891}.Release|Any CPU.Build.0 = Release|Any CPU
	EndGlobalSection
	GlobalSection(SolutionProperties) = preSolution
		HideSolutionNode = FALSE
	EndGlobalSection
	GlobalSection(ExtensibilityGlobals) = postSolution
		SolutionGuid = {AE77CA1F-D777-4223-B730-3B100F843E33}
	EndGlobalSection
EndGlobal
